# This file is generated by running "yarn install" inside your project.
# Manual changes might be lost - proceed with caution!

__metadata:
  version: 4

"nox-wave@workspace:.":
  version: 0.0.0-use.local
  resolution: "nox-wave@workspace:."
  dependencies:
    typescript: ^3.9.2
  languageName: unknown
  linkType: soft

typescript@^3.9.2:
  version: 3.9.2
  resolution: "typescript@npm:3.9.2"
  bin:
    tsc: bin/tsc
    tsserver: bin/tsserver
  checksum: 3/bf7cbf2f8c695aa942be60da470aaaf902c2e9b3693ed5141fa6de5632f42f471b7e83bd9d4dcff5e0fa37eff746d61cfe1e6949019ad70f0f98d1f60ccfd3ae
  languageName: node
  linkType: hard

"typescript@patch:typescript@^3.9.2#builtin<compat/typescript>":
  version: 3.9.2
  resolution: "typescript@patch:typescript@npm%3A3.9.2#builtin<compat/typescript>::version=3.9.2&hash=8cac75"
  bin:
    tsc: bin/tsc
    tsserver: bin/tsserver
  checksum: 3/51daca430f15c0df7aa820da2ef0a042b081327a1c2426016abbbcb35395f38d9559036a9b9e71320075197444e9b1093726a8086129a4ec367f188ba398212c
  languageName: node
  linkType: hard
